// !$*UTF8*$!
{
	archiveVersion = 1;
	classes = {
	};
	objectVersion = 48;
	objects = {

/* Begin PBXBuildFile section */
		CBD787601EEFCA3800899CCE /* AppDelegate.swift in Sources */ = {isa = PBXBuildFile; fileRef = CBD7875F1EEFCA3800899CCE /* AppDelegate.swift */; };
		CBD787621EEFCA3800899CCE /* ViewController.swift in Sources */ = {isa = PBXBuildFile; fileRef = CBD787611EEFCA3800899CCE /* ViewController.swift */; };
		CBD787651EEFCA3800899CCE /* Main.storyboard in Resources */ = {isa = PBXBuildFile; fileRef = CBD787631EEFCA3800899CCE /* Main.storyboard */; };
		CBD787671EEFCA3800899CCE /* Assets.xcassets in Resources */ = {isa = PBXBuildFile; fileRef = CBD787661EEFCA3800899CCE /* Assets.xcassets */; };
		CBD7876A1EEFCA3800899CCE /* LaunchScreen.storyboard in Resources */ = {isa = PBXBuildFile; fileRef = CBD787681EEFCA3800899CCE /* LaunchScreen.storyboard */; };
/* End PBXBuildFile section */

/* Begin PBXFileReference section */
		CBD7875C1EEFCA3800899CCE /* DazzleInteract.app */ = {isa = PBXFileReference; explicitFileType = wrapper.application; includeInIndex = 0; path = DazzleInteract.app; sourceTree = BUILT_PRODUCTS_DIR; };
		CBD7875F1EEFCA3800899CCE /* AppDelegate.swift */ = {isa = PBXFileReference; lastKnownFileType = sourcecode.swift; path = AppDelegate.swift; sourceTree = "<group>"; };
		CBD787611EEFCA3800899CCE /* ViewController.swift */ = {isa = PBXFileReference; lastKnownFileType = sourcecode.swift; path = ViewController.swift; sourceTree = "<group>"; };
		CBD787641EEFCA3800899CCE /* Base */ = {isa = PBXFileReference; lastKnownFileType = file.storyboard; name = Base; path = Base.lproj/Main.storyboard; sourceTree = "<group>"; };
		CBD787661EEFCA3800899CCE /* Assets.xcassets */ = {isa = PBXFileReference; lastKnownFileType = folder.assetcatalog; path = Assets.xcassets; sourceTree = "<group>"; };
		CBD787691EEFCA3800899CCE /* Base */ = {isa = PBXFileReference; lastKnownFileType = file.storyboard; name = Base; path = Base.lproj/LaunchScreen.storyboard; sourceTree = "<group>"; };
		CBD7876B1EEFCA3800899CCE /* Info.plist */ = {isa = PBXFileReference; lastKnownFileType = text.plist.xml; path = Info.plist; sourceTree = "<group>"; };
/* End PBXFileReference section */

/* Begin PBXFrameworksBuildPhase section */
		CBD787591EEFCA3800899CCE /* Frameworks */ = {
			isa = PBXFrameworksBuildPhase;
			buildActionMask = 2147483647;
			files = (
			);
			runOnlyForDeploymentPostprocessing = 0;
		};
/* End PBXFrameworksBuildPhase section */

/* Begin PBXGroup section */
		CBD787531EEFCA3800899CCE = {
			isa = PBXGroup;
			children = (
				CBD7875E1EEFCA3800899CCE /* DazzleInteract */,
				CBD7875D1EEFCA3800899CCE /* Products */,
			);
			sourceTree = "<group>";
		};
		CBD7875D1EEFCA3800899CCE /* Products */ = {
			isa = PBXGroup;
			children = (
				CBD7875C1EEFCA3800899CCE /* DazzleInteract.app */,
			);
			name = Products;
			sourceTree = "<group>";
		};
		CBD7875E1EEFCA3800899CCE /* DazzleInteract */ = {
			isa = PBXGroup;
			children = (
				CBD7875F1EEFCA3800899CCE /* AppDelegate.swift */,
				CBD787611EEFCA3800899CCE /* ViewController.swift */,
				CBD787631EEFCA3800899CCE /* Main.storyboard */,
				CBD787661EEFCA3800899CCE /* Assets.xcassets */,
				CBD787681EEFCA3800899CCE /* LaunchScreen.storyboard */,
				CBD7876B1EEFCA3800899CCE /* Info.plist */,
			);
			path = DazzleInteract;
			sourceTree = "<group>";
		};
/* End PBXGroup section */

/* Begin PBXNativeTarget section */
		CBD7875B1EEFCA3800899CCE /* DazzleInteract */ = {
			isa = PBXNativeTarget;
			buildConfigurationList = CBD7876E1EEFCA3800899CCE /* Build configuration list for PBXNativeTarget "DazzleInteract" */;
			buildPhases = (
				CBD787581EEFCA3800899CCE /* Sources */,
				CBD787591EEFCA3800899CCE /* Frameworks */,
				CBD7875A1EEFCA3800899CCE /* Resources */,
			);
			buildRules = (
			);
			dependencies = (
			);
			name = DazzleInteract;
			productName = DazzleInteract;
			productReference = CBD7875C1EEFCA3800899CCE /* DazzleInteract.app */;
			productType = "com.apple.product-type.application";
		};
/* End PBXNativeTarget section */

/* Begin PBXProject section */
		CBD787541EEFCA3800899CCE /* Project object */ = {
			isa = PBXProject;
			attributes = {
				LastSwiftUpdateCheck = 0900;
				LastUpgradeCheck = 0900;
				ORGANIZATIONNAME = "Dazzle Interactive";
				TargetAttributes = {
					CBD7875B1EEFCA3800899CCE = {
						CreatedOnToolsVersion = 9.0;
					};
				};
			};
			buildConfigurationList = CBD787571EEFCA3800899CCE /* Build configuration list for PBXProject "DazzleInteract" */;
			compatibilityVersion = "Xcode 8.0";
			developmentRegion = en;
			hasScannedForEncodings = 0;
			knownRegions = (
				en,
				Base,
			);
			mainGroup = CBD787531EEFCA3800899CCE;
			productRefGroup = CBD7875D1EEFCA3800899CCE /* Products */;
			projectDirPath = "";
			projectRoot = "";
			targets = (
				CBD7875B1EEFCA3800899CCE /* DazzleInteract */,
			);
		};
/* End PBXProject section */

/* Begin PBXResourcesBuildPhase section */
		CBD7875A1EEFCA3800899CCE /* Resources */ = {
			isa = PBXResourcesBuildPhase;
			buildActionMask = 2147483647;
			files = (
				CBD7876A1EEFCA3800899CCE /* LaunchScreen.storyboard in Resources */,
				CBD787671EEFCA3800899CCE /* Assets.xcassets in Resources */,
				CBD787651EEFCA3800899CCE /* Main.storyboard in Resources */,
			);
			runOnlyForDeploymentPostprocessing = 0;
		};
/* End PBXResourcesBuildPhase section */

/* Begin PBXSourcesBuildPhase section */
		CBD787581EEFCA3800899CCE /* Sources */ = {
			isa = PBXSourcesBuildPhase;
			buildActionMask = 2147483647;
			files = (
				CBD787621EEFCA3800899CCE /* ViewController.swift in Sources */,
				CBD787601EEFCA3800899CCE /* AppDelegate.swift in Sources */,
			);
			runOnlyForDeploymentPostprocessing = 0;
		};
/* End PBXSourcesBuildPhase section */

/* Begin PBXVariantGroup section */
		CBD787631EEFCA3800899CCE /* Main.storyboard */ = {
			isa = PBXVariantGroup;
			children = (
				CBD787641EEFCA3800899CCE /* Base */,
			);
			name = Main.storyboard;
			sourceTree = "<group>";
		};
		CBD787681EEFCA3800899CCE /* LaunchScreen.storyboard */ = {
			isa = PBXVariantGroup;
			children = (
				CBD787691EEFCA3800899CCE /* Base */,
			);
			name = LaunchScreen.storyboard;
			sourceTree = "<group>";
		};
/* End PBXVariantGroup section */

/* Begin XCBuildConfiguration section */
		CBD7876C1EEFCA3800899CCE /* Debug */ = {
			isa = XCBuildConfiguration;
			buildSettings = {
				ALWAYS_SEARCH_USER_PATHS = NO;
				CLANG_ANALYZER_NONNULL = YES;
				CLANG_ANALYZER_NUMBER_OBJECT_CONVERSION = YES_AGGRESSIVE;
				CLANG_CXX_LANGUAGE_STANDARD = "gnu++14";
				CLANG_CXX_LIBRARY = "libc++";
				CLANG_ENABLE_MODULES = YES;
				CLANG_ENABLE_OBJC_ARC = YES;
				CLANG_WARN_BLOCK_CAPTURE_AUTORELEASING = YES;
				CLANG_WARN_BOOL_CONVERSION = YES;
				CLANG_WARN_COMMA = YES;
				CLANG_WARN_CONSTANT_CONVERSION = YES;
				CLANG_WARN_DIRECT_OBJC_ISA_USAGE = YES_ERROR;
				CLANG_WARN_DOCUMENTATION_COMMENTS = YES;
				CLANG_WARN_EMPTY_BODY = YES;
				CLANG_WARN_ENUM_CONVERSION = YES;
				CLANG_WARN_INFINITE_RECURSION = YES;
				CLANG_WARN_INT_CONVERSION = YES;
				CLANG_WARN_OBJC_ROOT_CLASS = YES_ERROR;
				CLANG_WARN_RANGE_LOOP_ANALYSIS = YES;
				CLANG_WARN_STRICT_PROTOTYPES = YES;
				CLANG_WARN_SUSPICIOUS_MOVE = YES;
				CLANG_WARN_UNGUARDED_AVAILABILITY = YES_AGGRESSIVE;
				CLANG_WARN_UNREACHABLE_CODE = YES;
				CLANG_WARN__DUPLICATE_METHOD_MATCH = YES;
				CODE_SIGN_IDENTITY = "iPhone Developer";
				COPY_PHASE_STRIP = NO;
				DEBUG_INFORMATION_FORMAT = dwarf;
				ENABLE_STRICT_OBJC_MSGSEND = YES;
				ENABLE_TESTABILITY = YES;
				GCC_C_LANGUAGE_STANDARD = gnu11;
				GCC_DYNAMIC_NO_PIC = NO;
				GCC_NO_COMMON_BLOCKS = YES;
				GCC_OPTIMIZATION_LEVEL = 0;
				GCC_PREPROCESSOR_DEFINITIONS = (
					"DEBUG=1",
					"$(inherited)",
				);
				GCC_WARN_64_TO_32_BIT_CONVERSION = YES;
				GCC_WARN_ABOUT_RETURN_TYPE = YES_ERROR;
				GCC_WARN_UNDECLARED_SELECTOR = YES;
				GCC_WARN_UNINITIALIZED_AUTOS = YES_AGGRESSIVE;
				GCC_WARN_UNUSED_FUNCTION = YES;
				GCC_WARN_UNUSED_VARIABLE = YES;
				IPHONEOS_DEPLOYMENT_TARGET = 11.0;
				MTL_ENABLE_DEBUG_INFO = YES;
				ONLY_ACTIVE_ARCH = YES;
				SDKROOT = iphoneos;
				SWIFT_ACTIVE_COMPILATION_CONDITIONS = DEBUG;
				SWIFT_OPTIMIZATION_LEVEL = "-Onone";
			};
			name = Debug;
		};
		CBD7876D1EEFCA3800899CCE /* Release */ = {
			isa = XCBuildConfiguration;
			buildSettings = {
				ALWAYS_SEARCH_USER_PATHS = NO;
				CLANG_ANALYZER_NONNULL = YES;
				CLANG_ANALYZER_NUMBER_OBJECT_CONVERSION = YES_AGGRESSIVE;
				CLANG_CXX_LANGUAGE_STANDARD = "gnu++14";
				CLANG_CXX_LIBRARY = "libc++";
				CLANG_ENABLE_MODULES = YES;
				CLANG_ENABLE_OBJC_ARC = YES;
				CLANG_WARN_BLOCK_CAPTURE_AUTORELEASING = YES;
				CLANG_WARN_BOOL_CONVERSION = YES;
				CLANG_WARN_COMMA = YES;
				CLANG_WARN_CONSTANT_CONVERSION = YES;
				CLANG_WARN_DIRECT_OBJC_ISA_USAGE = YES_ERROR;
				CLANG_WARN_DOCUMENTATION_COMMENTS = YES;
				CLANG_WARN_EMPTY_BODY = YES;
				CLANG_WARN_ENUM_CONVERSION = YES;
				CLANG_WARN_INFINITE_RECURSION = YES;
				CLANG_WARN_INT_CONVERSION = YES;
				CLANG_WARN_OBJC_ROOT_CLASS = YES_ERROR;
				CLANG_WARN_RANGE_LOOP_ANALYSIS = YES;
				CLANG_WARN_STRICT_PROTOTYPES = YES;
				CLANG_WARN_SUSPICIOUS_MOVE = YES;
				CLANG_WARN_UNGUARDED_AVAILABILITY = YES_AGGRESSIVE;
				CLANG_WARN_UNREACHABLE_CODE = YES;
				CLANG_WARN__DUPLICATE_METHOD_MATCH = YES;
				CODE_SIGN_IDENTITY = "iPhone Developer";
				COPY_PHASE_STRIP = NO;
				DEBUG_INFORMATION_FORMAT = "dwarf-with-dsym";
				ENABLE_NS_ASSERTIONS = NO;
				ENABLE_STRICT_OBJC_MSGSEND = YES;
				GCC_C_LANGUAGE_STANDARD = gnu11;
				GCC_NO_COMMON_BLOCKS = YES;
				GCC_WARN_64_TO_32_BIT_CONVERSION = YES;
				GCC_WARN_ABOUT_RETURN_TYPE = YES_ERROR;
				GCC_WARN_UNDECLARED_SELECTOR = YES;
				GCC_WARN_UNINITIALIZED_AUTOS = YES_AGGRESSIVE;
				GCC_WARN_UNUSED_FUNCTION = YES;
				GCC_WARN_UNUSED_VARIABLE = YES;
				IPHONEOS_DEPLOYMENT_TARGET = 11.0;
				MTL_ENABLE_DEBUG_INFO = NO;
				SDKROOT = iphoneos;
				SWIFT_OPTIMIZATION_LEVEL = "-Owholemodule";
				VALIDATE_PRODUCT = YES;
			};
			name = Release;
		};
		CBD7876F1EEFCA3800899CCE /* Debug */ = {
			isa = XCBuildConfiguration;
			buildSettings = {
				ASSETCATALOG_COMPILER_APPICON_NAME = AppIcon;
				DEVELOPMENT_TEAM = EG932Q8VJF;
				INFOPLIST_FILE = DazzleInteract/Info.plist;
				LD_RUNPATH_SEARCH_PATHS = "$(inherited) @executable_path/Frameworks";
				PRODUCT_BUNDLE_IDENTIFIER = cn.egame.DazzleInteract;
				PRODUCT_NAME = "$(TARGET_NAME)";
				SWIFT_VERSION = 4.0;
				TARGETED_DEVICE_FAMILY = "1,2";
			};
			name = Debug;
		};
		CBD787701EEFCA3800899CCE /* Release */ = {
			isa = XCBuildConfiguration;
			buildSettings = {
				ASSETCATALOG_COMPILER_APPICON_NAME = AppIcon;
				DEVELOPMENT_TEAM = EG932Q8VJF;
				INFOPLIST_FILE = DazzleInteract/Info.plist;
				LD_RUNPATH_SEARCH_PATHS = "$(inherited) @executable_path/Frameworks";
				PRODUCT_BUNDLE_IDENTIFIER = cn.egame.DazzleInteract;
				PRODUCT_NAME = "$(TARGET_NAME)";
				SWIFT_VERSION = 4.0;
				TARGETED_DEVICE_FAMILY = "1,2";
			};
			name = Release;
		};
/* End XCBuildConfiguration section */

/* Begin XCConfigurationList section */
		CBD787571EEFCA3800899CCE /* Build configuration list for PBXProject "DazzleInteract" */ = {
			isa = XCConfigurationList;
			buildConfigurations = (
				CBD7876C1EEFCA3800899CCE /* Debug */,
				CBD7876D1EEFCA3800899CCE /* Release */,
			);
			defaultConfigurationIsVisible = 0;
			defaultConfigurationName = Release;
		};
		CBD7876E1EEFCA3800899CCE /* Build configuration list for PBXNativeTarget "DazzleInteract" */ = {
			isa = XCConfigurationList;
			buildConfigurations = (
				CBD7876F1EEFCA3800899CCE /* Debug */,
				CBD787701EEFCA3800899CCE /* Release */,
			);
			defaultConfigurationIsVisible = 0;
			defaultConfigurationName = Release;
		};
/* End XCConfigurationList section */
	};
	rootObject = CBD787541EEFCA3800899CCE /* Project object */;
}
